
Microsoft Visual Studio Solution File, Format Version 12.00
# Visual Studio Version 18
VisualStudioVersion = 18.9.12023.133
MinimumVisualStudioVersion = 10.0.40219.1
Project("{2150E333-8FDC-42A3-9474-1A3956D46DE8}") = "src", "src", "{02EA681E-C7D8-13C7-8484-4AC65E1B71E8}"
EndProject
Project("{2150E333-8FDC-42A3-9474-1A3956D46DE8}") = "apps", "apps", "{213DEBB8-B858-4923-9D54-2D3D0E26C694}"
EndProject
Project("{2150E333-8FDC-42A3-9474-1A3956D46DE8}") = "docs", "docs", "{56B1F2EF-3AAD-4778-9249-3DDA3DFF270F}"
EndProject
Project("{2150E333-8FDC-42A3-9474-1A3956D46DE8}") = "tests", "tests", "{7F96C687-7425-4259-B4D6-DECB980E09F9}"
EndProject
Project("{2150E333-8FDC-42A3-9474-1A3956D46DE8}") = "samples", "samples", "{20F67A1D-1F34-4FB2-84EE-A86AB5822085}"
EndProject
Project("{2150E333-8FDC-42A3-9474-1A3956D46DE8}") = "scripts", "scripts", "{AAECE9DA-773E-4EEF-9FAA-6398E2ECF11F}"
EndProject
Project("{2150E333-8FDC-42A3-9474-1A3956D46DE8}") = "deploy", "deploy", "{4FE9984C-C7C0-40B0-BF5E-CA5A930615F0}"
EndProject
Project("{2150E333-8FDC-42A3-9474-1A3956D46DE8}") = "BuildingBlocks", "BuildingBlocks", "{BB5D1D5B-4B2E-1005-A3F5-FD1FE771D0A9}"
EndProject
Project("{FAE04EC0-301F-11D3-BF4B-00C04F79EFBC}") = "Fip.Application.Abstractions", "src\BuildingBlocks\Fip.Application.Abstractions\Fip.Application.Abstractions.csproj", "{864CD3DC-FAF4-4783-A5E6-79E540C610C9}"
EndProject
Project("{FAE04EC0-301F-11D3-BF4B-00C04F79EFBC}") = "Fip.Infrastructure.Abstractions", "src\BuildingBlocks\Fip.Infrastructure.Abstractions\Fip.Infrastructure.Abstractions.csproj", "{03999795-E8A6-481F-8E41-4519CABDE26E}"
EndProject
Project("{FAE04EC0-301F-11D3-BF4B-00C04F79EFBC}") = "Fip.SharedKernel", "src\BuildingBlocks\Fip.SharedKernel\Fip.SharedKernel.csproj", "{EE6C40B2-D3B9-4DC7-8126-F0AB59577366}"
EndProject
Project("{2150E333-8FDC-42A3-9474-1A3956D46DE8}") = "Core", "Core", "{0CBC637E-EC70-66CD-FE99-EB46F5448A6D}"
EndProject
Project("{FAE04EC0-301F-11D3-BF4B-00C04F79EFBC}") = "Fip.Application", "src\Core\Fip.Application\Fip.Application.csproj", "{4DED757C-9DB2-4CFB-AB2C-2D8E6EB17779}"
EndProject
Project("{FAE04EC0-301F-11D3-BF4B-00C04F79EFBC}") = "Fip.Domain", "src\Core\Fip.Domain\Fip.Domain.csproj", "{70AFF231-F5E8-4266-A9B1-1F3AD7D7477F}"
EndProject
Project("{2150E333-8FDC-42A3-9474-1A3956D46DE8}") = "Hosts", "Hosts", "{D0CE833E-3B08-5507-88FD-8AA760A41DB4}"
EndProject
Project("{FAE04EC0-301F-11D3-BF4B-00C04F79EFBC}") = "Fip.Api", "src\Hosts\Fip.Api\Fip.Api.csproj", "{C8A43CFF-8460-4F6D-84BE-36037C0E643D}"
EndProject
Project("{2150E333-8FDC-42A3-9474-1A3956D46DE8}") = "Infrastructure", "Infrastructure", "{6E9B24E3-255D-5261-9E53-9F21F548E1B0}"
EndProject
Project("{FAE04EC0-301F-11D3-BF4B-00C04F79EFBC}") = "Fip.Infrastructure", "src\Infrastructure\Fip.Infrastructure\Fip.Infrastructure.csproj", "{5260C48F-D5AA-466D-A769-9CA61C05340F}"
EndProject
Project("{FAE04EC0-301F-11D3-BF4B-00C04F79EFBC}") = "Fip.Persistence", "src\Infrastructure\Fip.Persistence\Fip.Persistence.csproj", "{F35323BD-BEE1-4EB0-9EF7-49BE431780E5}"
EndProject
Project("{FAE04EC0-301F-11D3-BF4B-00C04F79EFBC}") = "Fip.Identity", "src\Infrastructure\Fip.Identity\Fip.Identity.csproj", "{239B4CD6-807E-4285-900B-266DA54FD377}"
EndProject
Project("{FAE04EC0-301F-11D3-BF4B-00C04F79EFBC}") = "Fip.DatabaseMigrator", "src\Hosts\Fip.DatabaseMigrator\Fip.DatabaseMigrator.csproj", "{982F5D5E-7C87-43F9-B7C0-C8265DF08CEF}"
EndProject
Project("{FAE04EC0-301F-11D3-BF4B-00C04F79EFBC}") = "Fip.Worker", "src\Hosts\Fip.Worker\Fip.Worker.csproj", "{85268052-9358-465F-8175-976FDC90E935}"
EndProject
Project("{2150E333-8FDC-42A3-9474-1A3956D46DE8}") = "Tools", "Tools", "{C5D8155C-9B01-96D8-F2FC-B4227CDC1E0C}"
EndProject
Project("{FAE04EC0-301F-11D3-BF4B-00C04F79EFBC}") = "Fip.Cli", "src\Tools\Fip.Cli\Fip.Cli.csproj", "{098586E7-3742-4711-A671-3233EE050FCD}"
EndProject
Project("{FAE04EC0-301F-11D3-BF4B-00C04F79EFBC}") = "Fip.Application.Tests", "tests\Fip.Application.Tests\Fip.Application.Tests.csproj", "{FF949D9B-02B0-42F0-8D34-1EA2C7961432}"
EndProject
Project("{FAE04EC0-301F-11D3-BF4B-00C04F79EFBC}") = "Fip.Domain.Tests", "tests\Fip.Domain.Tests\Fip.Domain.Tests.csproj", "{D7335D53-CB56-4801-A0E3-DB475E96FEDE}"
EndProject
Project("{FAE04EC0-301F-11D3-BF4B-00C04F79EFBC}") = "Fip.Infrastructure.Tests", "tests\Fip.Infrastructure.Tests\Fip.Infrastructure.Tests.csproj", "{FCD23307-959C-4AAB-9C6C-F7DC037C90B4}"
EndProject
Project("{FAE04EC0-301F-11D3-BF4B-00C04F79EFBC}") = "Fip.IntegrationTests", "tests\Fip.IntegrationTests\Fip.IntegrationTests.csproj", "{42A29172-3B61-477C-B184-8DD8EF62D4F0}"
EndProject
Project("{2150E333-8FDC-42A3-9474-1A3956D46DE8}") = "opensky", "opensky", "{966260DD-EFB3-4EE8-BB0D-5361D2003315}"
	ProjectSection(SolutionItems) = preProject
		C:\Users\sorin\Desktop\Fip.Resources\TRA051_B738_2018-05-30.json = C:\Users\sorin\Desktop\Fip.Resources\TRA051_B738_2018-05-30.json
	EndProjectSection
EndProject
Project("{2150E333-8FDC-42A3-9474-1A3956D46DE8}") = "data", "data", "{FCAD30B4-EA57-4E31-902D-454348C1A4E5}"
EndProject
Project("{2150E333-8FDC-42A3-9474-1A3956D46DE8}") = "samples", "samples", "{06EA31C6-E68B-46CA-9529-F404EB828E45}"
EndProject
Project("{2150E333-8FDC-42A3-9474-1A3956D46DE8}") = "adsbiq", "adsbiq", "{BCC4F270-6D25-4332-A66E-F98F5A2F3386}"
	ProjectSection(SolutionItems) = preProject
		C:\Users\sorin\Downloads\caribbean_sample_2026-06-29.parquet = C:\Users\sorin\Downloads\caribbean_sample_2026-06-29.parquet
	EndProjectSection
EndProject
Global
	GlobalSection(SolutionConfigurationPlatforms) = preSolution
		Debug|Any CPU = Debug|Any CPU
		Debug|x64 = Debug|x64
		Debug|x86 = Debug|x86
		Release|Any CPU = Release|Any CPU
		Release|x64 = Release|x64
		Release|x86 = Release|x86
	EndGlobalSection
	GlobalSection(ProjectConfigurationPlatforms) = postSolution
		{864CD3DC-FAF4-4783-A5E6-79E540C610C9}.Debug|Any CPU.ActiveCfg = Debug|Any CPU
		{864CD3DC-FAF4-4783-A5E6-79E540C610C9}.Debug|Any CPU.Build.0 = Debug|Any CPU
		{864CD3DC-FAF4-4783-A5E6-79E540C610C9}.Debug|x64.ActiveCfg = Debug|Any CPU
		{864CD3DC-FAF4-4783-A5E6-79E540C610C9}.Debug|x64.Build.0 = Debug|Any CPU
		{864CD3DC-FAF4-4783-A5E6-79E540C610C9}.Debug|x86.ActiveCfg = Debug|Any CPU
		{864CD3DC-FAF4-4783-A5E6-79E540C610C9}.Debug|x86.Build.0 = Debug|Any CPU
		{864CD3DC-FAF4-4783-A5E6-79E540C610C9}.Release|Any CPU.ActiveCfg = Release|Any CPU
		{864CD3DC-FAF4-4783-A5E6-79E540C610C9}.Release|Any CPU.Build.0 = Release|Any CPU
		{864CD3DC-FAF4-4783-A5E6-79E540C610C9}.Release|x64.ActiveCfg = Release|Any CPU
		{864CD3DC-FAF4-4783-A5E6-79E540C610C9}.Release|x64.Build.0 = Release|Any CPU
		{864CD3DC-FAF4-4783-A5E6-79E540C610C9}.Release|x86.ActiveCfg = Release|Any CPU
		{864CD3DC-FAF4-4783-A5E6-79E540C610C9}.Release|x86.Build.0 = Release|Any CPU
		{03999795-E8A6-481F-8E41-4519CABDE26E}.Debug|Any CPU.ActiveCfg = Debug|Any CPU
		{03999795-E8A6-481F-8E41-4519CABDE26E}.Debug|Any CPU.Build.0 = Debug|Any CPU
		{03999795-E8A6-481F-8E41-4519CABDE26E}.Debug|x64.ActiveCfg = Debug|Any CPU
		{03999795-E8A6-481F-8E41-4519CABDE26E}.Debug|x64.Build.0 = Debug|Any CPU
		{03999795-E8A6-481F-8E41-4519CABDE26E}.Debug|x86.ActiveCfg = Debug|Any CPU
		{03999795-E8A6-481F-8E41-4519CABDE26E}.Debug|x86.Build.0 = Debug|Any CPU
		{03999795-E8A6-481F-8E41-4519CABDE26E}.Release|Any CPU.ActiveCfg = Release|Any CPU
		{03999795-E8A6-481F-8E41-4519CABDE26E}.Release|Any CPU.Build.0 = Release|Any CPU
		{03999795-E8A6-481F-8E41-4519CABDE26E}.Release|x64.ActiveCfg = Release|Any CPU
		{03999795-E8A6-481F-8E41-4519CABDE26E}.Release|x64.Build.0 = Release|Any CPU
		{03999795-E8A6-481F-8E41-4519CABDE26E}.Release|x86.ActiveCfg = Release|Any CPU
		{03999795-E8A6-481F-8E41-4519CABDE26E}.Release|x86.Build.0 = Release|Any CPU
		{EE6C40B2-D3B9-4DC7-8126-F0AB59577366}.Debug|Any CPU.ActiveCfg = Debug|Any CPU
		{EE6C40B2-D3B9-4DC7-8126-F0AB59577366}.Debug|Any CPU.Build.0 = Debug|Any CPU
		{EE6C40B2-D3B9-4DC7-8126-F0AB59577366}.Debug|x64.ActiveCfg = Debug|Any CPU
		{EE6C40B2-D3B9-4DC7-8126-F0AB59577366}.Debug|x64.Build.0 = Debug|Any CPU
		{EE6C40B2-D3B9-4DC7-8126-F0AB59577366}.Debug|x86.ActiveCfg = Debug|Any CPU
		{EE6C40B2-D3B9-4DC7-8126-F0AB59577366}.Debug|x86.Build.0 = Debug|Any CPU
		{EE6C40B2-D3B9-4DC7-8126-F0AB59577366}.Release|Any CPU.ActiveCfg = Release|Any CPU
		{EE6C40B2-D3B9-4DC7-8126-F0AB59577366}.Release|Any CPU.Build.0 = Release|Any CPU
		{EE6C40B2-D3B9-4DC7-8126-F0AB59577366}.Release|x64.ActiveCfg = Release|Any CPU
		{EE6C40B2-D3B9-4DC7-8126-F0AB59577366}.Release|x64.Build.0 = Release|Any CPU
		{EE6C40B2-D3B9-4DC7-8126-F0AB59577366}.Release|x86.ActiveCfg = Release|Any CPU
		{EE6C40B2-D3B9-4DC7-8126-F0AB59577366}.Release|x86.Build.0 = Release|Any CPU
		{4DED757C-9DB2-4CFB-AB2C-2D8E6EB17779}.Debug|Any CPU.ActiveCfg = Debug|Any CPU
		{4DED757C-9DB2-4CFB-AB2C-2D8E6EB17779}.Debug|Any CPU.Build.0 = Debug|Any CPU
		{4DED757C-9DB2-4CFB-AB2C-2D8E6EB17779}.Debug|x64.ActiveCfg = Debug|Any CPU
		{4DED757C-9DB2-4CFB-AB2C-2D8E6EB17779}.Debug|x64.Build.0 = Debug|Any CPU
		{4DED757C-9DB2-4CFB-AB2C-2D8E6EB17779}.Debug|x86.ActiveCfg = Debug|Any CPU
		{4DED757C-9DB2-4CFB-AB2C-2D8E6EB17779}.Debug|x86.Build.0 = Debug|Any CPU
		{4DED757C-9DB2-4CFB-AB2C-2D8E6EB17779}.Release|Any CPU.ActiveCfg = Release|Any CPU
		{4DED757C-9DB2-4CFB-AB2C-2D8E6EB17779}.Release|Any CPU.Build.0 = Release|Any CPU
		{4DED757C-9DB2-4CFB-AB2C-2D8E6EB17779}.Release|x64.ActiveCfg = Release|Any CPU
		{4DED757C-9DB2-4CFB-AB2C-2D8E6EB17779}.Release|x64.Build.0 = Release|Any CPU
		{4DED757C-9DB2-4CFB-AB2C-2D8E6EB17779}.Release|x86.ActiveCfg = Release|Any CPU
		{4DED757C-9DB2-4CFB-AB2C-2D8E6EB17779}.Release|x86.Build.0 = Release|Any CPU
		{70AFF231-F5E8-4266-A9B1-1F3AD7D7477F}.Debug|Any CPU.ActiveCfg = Debug|Any CPU
		{70AFF231-F5E8-4266-A9B1-1F3AD7D7477F}.Debug|Any CPU.Build.0 = Debug|Any CPU
		{70AFF231-F5E8-4266-A9B1-1F3AD7D7477F}.Debug|x64.ActiveCfg = Debug|Any CPU
		{70AFF231-F5E8-4266-A9B1-1F3AD7D7477F}.Debug|x64.Build.0 = Debug|Any CPU
		{70AFF231-F5E8-4266-A9B1-1F3AD7D7477F}.Debug|x86.ActiveCfg = Debug|Any CPU
		{70AFF231-F5E8-4266-A9B1-1F3AD7D7477F}.Debug|x86.Build.0 = Debug|Any CPU
		{70AFF231-F5E8-4266-A9B1-1F3AD7D7477F}.Release|Any CPU.ActiveCfg = Release|Any CPU
		{70AFF231-F5E8-4266-A9B1-1F3AD7D7477F}.Release|Any CPU.Build.0 = Release|Any CPU
		{70AFF231-F5E8-4266-A9B1-1F3AD7D7477F}.Release|x64.ActiveCfg = Release|Any CPU
		{70AFF231-F5E8-4266-A9B1-1F3AD7D7477F}.Release|x64.Build.0 = Release|Any CPU
		{70AFF231-F5E8-4266-A9B1-1F3AD7D7477F}.Release|x86.ActiveCfg = Release|Any CPU
		{70AFF231-F5E8-4266-A9B1-1F3AD7D7477F}.Release|x86.Build.0 = Release|Any CPU
		{C8A43CFF-8460-4F6D-84BE-36037C0E643D}.Debug|Any CPU.ActiveCfg = Debug|Any CPU
		{C8A43CFF-8460-4F6D-84BE-36037C0E643D}.Debug|Any CPU.Build.0 = Debug|Any CPU
		{C8A43CFF-8460-4F6D-84BE-36037C0E643D}.Debug|x64.ActiveCfg = Debug|Any CPU
		{C8A43CFF-8460-4F6D-84BE-36037C0E643D}.Debug|x64.Build.0 = Debug|Any CPU
		{C8A43CFF-8460-4F6D-84BE-36037C0E643D}.Debug|x86.ActiveCfg = Debug|Any CPU
		{C8A43CFF-8460-4F6D-84BE-36037C0E643D}.Debug|x86.Build.0 = Debug|Any CPU
		{C8A43CFF-8460-4F6D-84BE-36037C0E643D}.Release|Any CPU.ActiveCfg = Release|Any CPU
		{C8A43CFF-8460-4F6D-84BE-36037C0E643D}.Release|Any CPU.Build.0 = Release|Any CPU
		{C8A43CFF-8460-4F6D-84BE-36037C0E643D}.Release|x64.ActiveCfg = Release|Any CPU
		{C8A43CFF-8460-4F6D-84BE-36037C0E643D}.Release|x64.Build.0 = Release|Any CPU
		{C8A43CFF-8460-4F6D-84BE-36037C0E643D}.Release|x86.ActiveCfg = Release|Any CPU
		{C8A43CFF-8460-4F6D-84BE-36037C0E643D}.Release|x86.Build.0 = Release|Any CPU
		{5260C48F-D5AA-466D-A769-9CA61C05340F}.Debug|Any CPU.ActiveCfg = Debug|Any CPU
		{5260C48F-D5AA-466D-A769-9CA61C05340F}.Debug|Any CPU.Build.0 = Debug|Any CPU
		{5260C48F-D5AA-466D-A769-9CA61C05340F}.Debug|x64.ActiveCfg = Debug|Any CPU
		{5260C48F-D5AA-466D-A769-9CA61C05340F}.Debug|x64.Build.0 = Debug|Any CPU
		{5260C48F-D5AA-466D-A769-9CA61C05340F}.Debug|x86.ActiveCfg = Debug|Any CPU
		{5260C48F-D5AA-466D-A769-9CA61C05340F}.Debug|x86.Build.0 = Debug|Any CPU
		{5260C48F-D5AA-466D-A769-9CA61C05340F}.Release|Any CPU.ActiveCfg = Release|Any CPU
		{5260C48F-D5AA-466D-A769-9CA61C05340F}.Release|Any CPU.Build.0 = Release|Any CPU
		{5260C48F-D5AA-466D-A769-9CA61C05340F}.Release|x64.ActiveCfg = Release|Any CPU
		{5260C48F-D5AA-466D-A769-9CA61C05340F}.Release|x64.Build.0 = Release|Any CPU
		{5260C48F-D5AA-466D-A769-9CA61C05340F}.Release|x86.ActiveCfg = Release|Any CPU
		{5260C48F-D5AA-466D-A769-9CA61C05340F}.Release|x86.Build.0 = Release|Any CPU
		{F35323BD-BEE1-4EB0-9EF7-49BE431780E5}.Debug|Any CPU.ActiveCfg = Debug|Any CPU
		{F35323BD-BEE1-4EB0-9EF7-49BE431780E5}.Debug|Any CPU.Build.0 = Debug|Any CPU
		{F35323BD-BEE1-4EB0-9EF7-49BE431780E5}.Debug|x64.ActiveCfg = Debug|Any CPU
		{F35323BD-BEE1-4EB0-9EF7-49BE431780E5}.Debug|x64.Build.0 = Debug|Any CPU
		{F35323BD-BEE1-4EB0-9EF7-49BE431780E5}.Debug|x86.ActiveCfg = Debug|Any CPU
		{F35323BD-BEE1-4EB0-9EF7-49BE431780E5}.Debug|x86.Build.0 = Debug|Any CPU
		{F35323BD-BEE1-4EB0-9EF7-49BE431780E5}.Release|Any CPU.ActiveCfg = Release|Any CPU
		{F35323BD-BEE1-4EB0-9EF7-49BE431780E5}.Release|Any CPU.Build.0 = Release|Any CPU
		{F35323BD-BEE1-4EB0-9EF7-49BE431780E5}.Release|x64.ActiveCfg = Release|Any CPU
		{F35323BD-BEE1-4EB0-9EF7-49BE431780E5}.Release|x64.Build.0 = Release|Any CPU
		{F35323BD-BEE1-4EB0-9EF7-49BE431780E5}.Release|x86.ActiveCfg = Release|Any CPU
		{F35323BD-BEE1-4EB0-9EF7-49BE431780E5}.Release|x86.Build.0 = Release|Any CPU
		{239B4CD6-807E-4285-900B-266DA54FD377}.Debug|Any CPU.ActiveCfg = Debug|Any CPU
		{239B4CD6-807E-4285-900B-266DA54FD377}.Debug|Any CPU.Build.0 = Debug|Any CPU
		{239B4CD6-807E-4285-900B-266DA54FD377}.Debug|x64.ActiveCfg = Debug|Any CPU
		{239B4CD6-807E-4285-900B-266DA54FD377}.Debug|x64.Build.0 = Debug|Any CPU
		{239B4CD6-807E-4285-900B-266DA54FD377}.Debug|x86.ActiveCfg = Debug|Any CPU
		{239B4CD6-807E-4285-900B-266DA54FD377}.Debug|x86.Build.0 = Debug|Any CPU
		{239B4CD6-807E-4285-900B-266DA54FD377}.Release|Any CPU.ActiveCfg = Release|Any CPU
		{239B4CD6-807E-4285-900B-266DA54FD377}.Release|Any CPU.Build.0 = Release|Any CPU
		{239B4CD6-807E-4285-900B-266DA54FD377}.Release|x64.ActiveCfg = Release|Any CPU
		{239B4CD6-807E-4285-900B-266DA54FD377}.Release|x64.Build.0 = Release|Any CPU
		{239B4CD6-807E-4285-900B-266DA54FD377}.Release|x86.ActiveCfg = Release|Any CPU
		{239B4CD6-807E-4285-900B-266DA54FD377}.Release|x86.Build.0 = Release|Any CPU
		{982F5D5E-7C87-43F9-B7C0-C8265DF08CEF}.Debug|Any CPU.ActiveCfg = Debug|Any CPU
		{982F5D5E-7C87-43F9-B7C0-C8265DF08CEF}.Debug|Any CPU.Build.0 = Debug|Any CPU
		{982F5D5E-7C87-43F9-B7C0-C8265DF08CEF}.Debug|x64.ActiveCfg = Debug|Any CPU
		{982F5D5E-7C87-43F9-B7C0-C8265DF08CEF}.Debug|x64.Build.0 = Debug|Any CPU
		{982F5D5E-7C87-43F9-B7C0-C8265DF08CEF}.Debug|x86.ActiveCfg = Debug|Any CPU
		{982F5D5E-7C87-43F9-B7C0-C8265DF08CEF}.Debug|x86.Build.0 = Debug|Any CPU
		{982F5D5E-7C87-43F9-B7C0-C8265DF08CEF}.Release|Any CPU.ActiveCfg = Release|Any CPU
		{982F5D5E-7C87-43F9-B7C0-C8265DF08CEF}.Release|Any CPU.Build.0 = Release|Any CPU
		{982F5D5E-7C87-43F9-B7C0-C8265DF08CEF}.Release|x64.ActiveCfg = Release|Any CPU
		{982F5D5E-7C87-43F9-B7C0-C8265DF08CEF}.Release|x64.Build.0 = Release|Any CPU
		{982F5D5E-7C87-43F9-B7C0-C8265DF08CEF}.Release|x86.ActiveCfg = Release|Any CPU
		{982F5D5E-7C87-43F9-B7C0-C8265DF08CEF}.Release|x86.Build.0 = Release|Any CPU
		{85268052-9358-465F-8175-976FDC90E935}.Debug|Any CPU.ActiveCfg = Debug|Any CPU
		{85268052-9358-465F-8175-976FDC90E935}.Debug|Any CPU.Build.0 = Debug|Any CPU
		{85268052-9358-465F-8175-976FDC90E935}.Debug|x64.ActiveCfg = Debug|Any CPU
		{85268052-9358-465F-8175-976FDC90E935}.Debug|x64.Build.0 = Debug|Any CPU
		{85268052-9358-465F-8175-976FDC90E935}.Debug|x86.ActiveCfg = Debug|Any CPU
		{85268052-9358-465F-8175-976FDC90E935}.Debug|x86.Build.0 = Debug|Any CPU
		{85268052-9358-465F-8175-976FDC90E935}.Release|Any CPU.ActiveCfg = Release|Any CPU
		{85268052-9358-465F-8175-976FDC90E935}.Release|Any CPU.Build.0 = Release|Any CPU
		{85268052-9358-465F-8175-976FDC90E935}.Release|x64.ActiveCfg = Release|Any CPU
		{85268052-9358-465F-8175-976FDC90E935}.Release|x64.Build.0 = Release|Any CPU
		{85268052-9358-465F-8175-976FDC90E935}.Release|x86.ActiveCfg = Release|Any CPU
		{85268052-9358-465F-8175-976FDC90E935}.Release|x86.Build.0 = Release|Any CPU
		{098586E7-3742-4711-A671-3233EE050FCD}.Debug|Any CPU.ActiveCfg = Debug|Any CPU
		{098586E7-3742-4711-A671-3233EE050FCD}.Debug|Any CPU.Build.0 = Debug|Any CPU
		{098586E7-3742-4711-A671-3233EE050FCD}.Debug|x64.ActiveCfg = Debug|Any CPU
		{098586E7-3742-4711-A671-3233EE050FCD}.Debug|x64.Build.0 = Debug|Any CPU
		{098586E7-3742-4711-A671-3233EE050FCD}.Debug|x86.ActiveCfg = Debug|Any CPU
		{098586E7-3742-4711-A671-3233EE050FCD}.Debug|x86.Build.0 = Debug|Any CPU
		{098586E7-3742-4711-A671-3233EE050FCD}.Release|Any CPU.ActiveCfg = Release|Any CPU
		{098586E7-3742-4711-A671-3233EE050FCD}.Release|Any CPU.Build.0 = Release|Any CPU
		{098586E7-3742-4711-A671-3233EE050FCD}.Release|x64.ActiveCfg = Release|Any CPU
		{098586E7-3742-4711-A671-3233EE050FCD}.Release|x64.Build.0 = Release|Any CPU
		{098586E7-3742-4711-A671-3233EE050FCD}.Release|x86.ActiveCfg = Release|Any CPU
		{098586E7-3742-4711-A671-3233EE050FCD}.Release|x86.Build.0 = Release|Any CPU
		{FF949D9B-02B0-42F0-8D34-1EA2C7961432}.Debug|Any CPU.ActiveCfg = Debug|Any CPU
		{FF949D9B-02B0-42F0-8D34-1EA2C7961432}.Debug|Any CPU.Build.0 = Debug|Any CPU
		{FF949D9B-02B0-42F0-8D34-1EA2C7961432}.Debug|x64.ActiveCfg = Debug|Any CPU
		{FF949D9B-02B0-42F0-8D34-1EA2C7961432}.Debug|x64.Build.0 = Debug|Any CPU
		{FF949D9B-02B0-42F0-8D34-1EA2C7961432}.Debug|x86.ActiveCfg = Debug|Any CPU
		{FF949D9B-02B0-42F0-8D34-1EA2C7961432}.Debug|x86.Build.0 = Debug|Any CPU
		{FF949D9B-02B0-42F0-8D34-1EA2C7961432}.Release|Any CPU.ActiveCfg = Release|Any CPU
		{FF949D9B-02B0-42F0-8D34-1EA2C7961432}.Release|Any CPU.Build.0 = Release|Any CPU
		{FF949D9B-02B0-42F0-8D34-1EA2C7961432}.Release|x64.ActiveCfg = Release|Any CPU
		{FF949D9B-02B0-42F0-8D34-1EA2C7961432}.Release|x64.Build.0 = Release|Any CPU
		{FF949D9B-02B0-42F0-8D34-1EA2C7961432}.Release|x86.ActiveCfg = Release|Any CPU
		{FF949D9B-02B0-42F0-8D34-1EA2C7961432}.Release|x86.Build.0 = Release|Any CPU
		{D7335D53-CB56-4801-A0E3-DB475E96FEDE}.Debug|Any CPU.ActiveCfg = Debug|Any CPU
		{D7335D53-CB56-4801-A0E3-DB475E96FEDE}.Debug|Any CPU.Build.0 = Debug|Any CPU
		{D7335D53-CB56-4801-A0E3-DB475E96FEDE}.Debug|x64.ActiveCfg = Debug|Any CPU
		{D7335D53-CB56-4801-A0E3-DB475E96FEDE}.Debug|x64.Build.0 = Debug|Any CPU
		{D7335D53-CB56-4801-A0E3-DB475E96FEDE}.Debug|x86.ActiveCfg = Debug|Any CPU
		{D7335D53-CB56-4801-A0E3-DB475E96FEDE}.Debug|x86.Build.0 = Debug|Any CPU
		{D7335D53-CB56-4801-A0E3-DB475E96FEDE}.Release|Any CPU.ActiveCfg = Release|Any CPU
		{D7335D53-CB56-4801-A0E3-DB475E96FEDE}.Release|Any CPU.Build.0 = Release|Any CPU
		{D7335D53-CB56-4801-A0E3-DB475E96FEDE}.Release|x64.ActiveCfg = Release|Any CPU
		{D7335D53-CB56-4801-A0E3-DB475E96FEDE}.Release|x64.Build.0 = Release|Any CPU
		{D7335D53-CB56-4801-A0E3-DB475E96FEDE}.Release|x86.ActiveCfg = Release|Any CPU
		{D7335D53-CB56-4801-A0E3-DB475E96FEDE}.Release|x86.Build.0 = Release|Any CPU
		{FCD23307-959C-4AAB-9C6C-F7DC037C90B4}.Debug|Any CPU.ActiveCfg = Debug|Any CPU
		{FCD23307-959C-4AAB-9C6C-F7DC037C90B4}.Debug|Any CPU.Build.0 = Debug|Any CPU
		{FCD23307-959C-4AAB-9C6C-F7DC037C90B4}.Debug|x64.ActiveCfg = Debug|Any CPU
		{FCD23307-959C-4AAB-9C6C-F7DC037C90B4}.Debug|x64.Build.0 = Debug|Any CPU
		{FCD23307-959C-4AAB-9C6C-F7DC037C90B4}.Debug|x86.ActiveCfg = Debug|Any CPU
		{FCD23307-959C-4AAB-9C6C-F7DC037C90B4}.Debug|x86.Build.0 = Debug|Any CPU
		{FCD23307-959C-4AAB-9C6C-F7DC037C90B4}.Release|Any CPU.ActiveCfg = Release|Any CPU
		{FCD23307-959C-4AAB-9C6C-F7DC037C90B4}.Release|Any CPU.Build.0 = Release|Any CPU
		{FCD23307-959C-4AAB-9C6C-F7DC037C90B4}.Release|x64.ActiveCfg = Release|Any CPU
		{FCD23307-959C-4AAB-9C6C-F7DC037C90B4}.Release|x64.Build.0 = Release|Any CPU
		{FCD23307-959C-4AAB-9C6C-F7DC037C90B4}.Release|x86.ActiveCfg = Release|Any CPU
		{FCD23307-959C-4AAB-9C6C-F7DC037C90B4}.Release|x86.Build.0 = Release|Any CPU
		{42A29172-3B61-477C-B184-8DD8EF62D4F0}.Debug|Any CPU.ActiveCfg = Debug|Any CPU
		{42A29172-3B61-477C-B184-8DD8EF62D4F0}.Debug|Any CPU.Build.0 = Debug|Any CPU
		{42A29172-3B61-477C-B184-8DD8EF62D4F0}.Debug|x64.ActiveCfg = Debug|Any CPU
		{42A29172-3B61-477C-B184-8DD8EF62D4F0}.Debug|x64.Build.0 = Debug|Any CPU
		{42A29172-3B61-477C-B184-8DD8EF62D4F0}.Debug|x86.ActiveCfg = Debug|Any CPU
		{42A29172-3B61-477C-B184-8DD8EF62D4F0}.Debug|x86.Build.0 = Debug|Any CPU
		{42A29172-3B61-477C-B184-8DD8EF62D4F0}.Release|Any CPU.ActiveCfg = Release|Any CPU
		{42A29172-3B61-477C-B184-8DD8EF62D4F0}.Release|Any CPU.Build.0 = Release|Any CPU
		{42A29172-3B61-477C-B184-8DD8EF62D4F0}.Release|x64.ActiveCfg = Release|Any CPU
		{42A29172-3B61-477C-B184-8DD8EF62D4F0}.Release|x64.Build.0 = Release|Any CPU
		{42A29172-3B61-477C-B184-8DD8EF62D4F0}.Release|x86.ActiveCfg = Release|Any CPU
		{42A29172-3B61-477C-B184-8DD8EF62D4F0}.Release|x86.Build.0 = Release|Any CPU
	EndGlobalSection
	GlobalSection(SolutionProperties) = preSolution
		HideSolutionNode = FALSE
	EndGlobalSection
	GlobalSection(NestedProjects) = preSolution
		{BB5D1D5B-4B2E-1005-A3F5-FD1FE771D0A9} = {02EA681E-C7D8-13C7-8484-4AC65E1B71E8}
		{864CD3DC-FAF4-4783-A5E6-79E540C610C9} = {BB5D1D5B-4B2E-1005-A3F5-FD1FE771D0A9}
		{03999795-E8A6-481F-8E41-4519CABDE26E} = {BB5D1D5B-4B2E-1005-A3F5-FD1FE771D0A9}
		{EE6C40B2-D3B9-4DC7-8126-F0AB59577366} = {BB5D1D5B-4B2E-1005-A3F5-FD1FE771D0A9}
		{0CBC637E-EC70-66CD-FE99-EB46F5448A6D} = {02EA681E-C7D8-13C7-8484-4AC65E1B71E8}
		{4DED757C-9DB2-4CFB-AB2C-2D8E6EB17779} = {0CBC637E-EC70-66CD-FE99-EB46F5448A6D}
		{70AFF231-F5E8-4266-A9B1-1F3AD7D7477F} = {0CBC637E-EC70-66CD-FE99-EB46F5448A6D}
		{D0CE833E-3B08-5507-88FD-8AA760A41DB4} = {02EA681E-C7D8-13C7-8484-4AC65E1B71E8}
		{C8A43CFF-8460-4F6D-84BE-36037C0E643D} = {D0CE833E-3B08-5507-88FD-8AA760A41DB4}
		{6E9B24E3-255D-5261-9E53-9F21F548E1B0} = {02EA681E-C7D8-13C7-8484-4AC65E1B71E8}
		{5260C48F-D5AA-466D-A769-9CA61C05340F} = {6E9B24E3-255D-5261-9E53-9F21F548E1B0}
		{F35323BD-BEE1-4EB0-9EF7-49BE431780E5} = {6E9B24E3-255D-5261-9E53-9F21F548E1B0}
		{239B4CD6-807E-4285-900B-266DA54FD377} = {6E9B24E3-255D-5261-9E53-9F21F548E1B0}
		{982F5D5E-7C87-43F9-B7C0-C8265DF08CEF} = {D0CE833E-3B08-5507-88FD-8AA760A41DB4}
		{85268052-9358-465F-8175-976FDC90E935} = {D0CE833E-3B08-5507-88FD-8AA760A41DB4}
		{C5D8155C-9B01-96D8-F2FC-B4227CDC1E0C} = {02EA681E-C7D8-13C7-8484-4AC65E1B71E8}
		{098586E7-3742-4711-A671-3233EE050FCD} = {C5D8155C-9B01-96D8-F2FC-B4227CDC1E0C}
		{FF949D9B-02B0-42F0-8D34-1EA2C7961432} = {7F96C687-7425-4259-B4D6-DECB980E09F9}
		{D7335D53-CB56-4801-A0E3-DB475E96FEDE} = {7F96C687-7425-4259-B4D6-DECB980E09F9}
		{FCD23307-959C-4AAB-9C6C-F7DC037C90B4} = {7F96C687-7425-4259-B4D6-DECB980E09F9}
		{42A29172-3B61-477C-B184-8DD8EF62D4F0} = {7F96C687-7425-4259-B4D6-DECB980E09F9}
		{966260DD-EFB3-4EE8-BB0D-5361D2003315} = {06EA31C6-E68B-46CA-9529-F404EB828E45}
		{06EA31C6-E68B-46CA-9529-F404EB828E45} = {FCAD30B4-EA57-4E31-902D-454348C1A4E5}
		{BCC4F270-6D25-4332-A66E-F98F5A2F3386} = {06EA31C6-E68B-46CA-9529-F404EB828E45}
	EndGlobalSection
	GlobalSection(ExtensibilityGlobals) = postSolution
		SolutionGuid = {4129A8B5-5979-4E64-9BD5-EA01C6A1655C}
	EndGlobalSection
EndGlobal
